
Microsoft Visual Studio Solution File, Format Version 12.00
# Visual Studio Version 16
VisualStudioVersion = 16.0.29519.87
MinimumVisualStudioVersion = 10.0.40219.1
Project("{9A19103F-16F7-4668-BE54-9A1E7A4F7556}") = "Opgave1", "Opgave1\Opgave1.csproj", "{DD85530B-14F2-40DA-B041-ADB5BE38C64F}"
EndProject
Project("{FAE04EC0-301F-11D3-BF4B-00C04F79EFBC}") = "Opgave2", "Opgave2\Opgave2.csproj", "{042C0311-A869-4AF5-B00C-9D94F904F76A}"
EndProject
Project("{FAE04EC0-301F-11D3-BF4B-00C04F79EFBC}") = "Opgave2.1", "Opgave2.1\Opgave2.1.csproj", "{E3758D6E-DB84-4535-848D-BB715B815C36}"
EndProject
Global
	GlobalSection(SolutionConfigurationPlatforms) = preSolution
		Debug|Any CPU = Debug|Any CPU
		Release|Any CPU = Release|Any CPU
	EndGlobalSection
	GlobalSection(ProjectConfigurationPlatforms) = postSolution
		{DD85530B-14F2-40DA-B041-ADB5BE38C64F}.Debug|Any CPU.ActiveCfg = Debug|Any CPU
		{DD85530B-14F2-40DA-B041-ADB5BE38C64F}.Debug|Any CPU.Build.0 = Debug|Any CPU
		{DD85530B-14F2-40DA-B041-ADB5BE38C64F}.Release|Any CPU.ActiveCfg = Release|Any CPU
		{DD85530B-14F2-40DA-B041-ADB5BE38C64F}.Release|Any CPU.Build.0 = Release|Any CPU
		{042C0311-A869-4AF5-B00C-9D94F904F76A}.Debug|Any CPU.ActiveCfg = Debug|Any CPU
		{042C0311-A869-4AF5-B00C-9D94F904F76A}.Debug|Any CPU.Build.0 = Debug|Any CPU
		{042C0311-A869-4AF5-B00C-9D94F904F76A}.Release|Any CPU.ActiveCfg = Release|Any CPU
		{042C0311-A869-4AF5-B00C-9D94F904F76A}.Release|Any CPU.Build.0 = Release|Any CPU
		{E3758D6E-DB84-4535-848D-BB715B815C36}.Debug|Any CPU.ActiveCfg = Debug|Any CPU
		{E3758D6E-DB84-4535-848D-BB715B815C36}.Debug|Any CPU.Build.0 = Debug|Any CPU
		{E3758D6E-DB84-4535-848D-BB715B815C36}.Release|Any CPU.ActiveCfg = Release|Any CPU
		{E3758D6E-DB84-4535-848D-BB715B815C36}.Release|Any CPU.Build.0 = Release|Any CPU
	EndGlobalSection
	GlobalSection(SolutionProperties) = preSolution
		HideSolutionNode = FALSE
	EndGlobalSection
	GlobalSection(ExtensibilityGlobals) = postSolution
		SolutionGuid = {F680CF6A-07DC-4327-B080-AD6F5AB69BCD}
	EndGlobalSection
EndGlobal
